hash: 30870d34f4cc010cba84c7ae906706aea30bc78beff2834658f066b4b06b0c48
updated: 2016-11-17T00:38:53.317774558+01:00
imports:
- name: github.com/alicebob/miniredis
  version: 10ddf01f45bee3c40d1af5dbaad9aa71e6f20835
- name: github.com/bsm/redeo
  version: 1ce09fc76693fb3c1ca9b529c66f38920beb6fb8
  subpackages:
  - info
- name: github.com/the-anna-project/random
  version: 1500b5c07ce9cb7bcf6eadb075ab3622ae25e25c
- name: github.com/the-anna-project/spec
  version: e396e1a44aef51cc90466fccbdf965c3dc40cf2d
  subpackages:
  - legacy
  - object
  - service
